
Microsoft Visual Studio Solution File, Format Version 12.00
# Visual Studio Version 17
VisualStudioVersion = 17.13.35825.156 d17.13
MinimumVisualStudioVersion = 10.0.40219.1
Project("{FAE04EC0-301F-11D3-BF4B-00C04F79EFBC}") = "PedidosApp_ManuelaCastano", "PedidosApp_ManuelaCastano\PedidosApp_ManuelaCastano.csproj", "{0C599363-1230-4965-99A9-B3FD3CDF7041}"
EndProject
Global
	GlobalSection(SolutionConfigurationPlatforms) = preSolution
		Debug|Any CPU = Debug|Any CPU
		Release|Any CPU = Release|Any CPU
	EndGlobalSection
	GlobalSection(ProjectConfigurationPlatforms) = postSolution
		{0C599363-1230-4965-99A9-B3FD3CDF7041}.Debug|Any CPU.ActiveCfg = Debug|Any CPU
		{0C599363-1230-4965-99A9-B3FD3CDF7041}.Debug|Any CPU.Build.0 = Debug|Any CPU
		{0C599363-1230-4965-99A9-B3FD3CDF7041}.Release|Any CPU.ActiveCfg = Release|Any CPU
		{0C599363-1230-4965-99A9-B3FD3CDF7041}.Release|Any CPU.Build.0 = Release|Any CPU
	EndGlobalSection
	GlobalSection(SolutionProperties) = preSolution
		HideSolutionNode = FALSE
	EndGlobalSection
	GlobalSection(ExtensibilityGlobals) = postSolution
		SolutionGuid = {A65E04C3-09AC-44C3-A8D7-3462F16BB96F}
	EndGlobalSection
EndGlobal
